
Microsoft Visual Studio Solution File, Format Version 12.00
# Visual Studio 15
VisualStudioVersion = 15.0.27130.2010
MinimumVisualStudioVersion = 10.0.40219.1
Project("{FAE04EC0-301F-11D3-BF4B-00C04F79EFBC}") = "Shuttle.Core.Castle", "Shuttle.Core.Castle\Shuttle.Core.Castle.csproj", "{00B45E76-1D26-41A7-A235-CFF3669A31F0}"
EndProject
Project("{FAE04EC0-301F-11D3-BF4B-00C04F79EFBC}") = "Shuttle.Core.Castle.Tests", "Shuttle.Core.Castle.Tests\Shuttle.Core.Castle.Tests.csproj", "{A11C16B9-814D-4726-B0E0-2B435D9CC129}"
EndProject
Global
	GlobalSection(SolutionConfigurationPlatforms) = preSolution
		Debug|Any CPU = Debug|Any CPU
		Release|Any CPU = Release|Any CPU
	EndGlobalSection
	GlobalSection(ProjectConfigurationPlatforms) = postSolution
		{00B45E76-1D26-41A7-A235-CFF3669A31F0}.Debug|Any CPU.ActiveCfg = Debug|Any CPU
		{00B45E76-1D26-41A7-A235-CFF3669A31F0}.Debug|Any CPU.Build.0 = Debug|Any CPU
		{00B45E76-1D26-41A7-A235-CFF3669A31F0}.Release|Any CPU.ActiveCfg = Release|Any CPU
		{00B45E76-1D26-41A7-A235-CFF3669A31F0}.Release|Any CPU.Build.0 = Release|Any CPU
		{A11C16B9-814D-4726-B0E0-2B435D9CC129}.Debug|Any CPU.ActiveCfg = Debug|Any CPU
		{A11C16B9-814D-4726-B0E0-2B435D9CC129}.Debug|Any CPU.Build.0 = Debug|Any CPU
		{A11C16B9-814D-4726-B0E0-2B435D9CC129}.Release|Any CPU.ActiveCfg = Release|Any CPU
		{A11C16B9-814D-4726-B0E0-2B435D9CC129}.Release|Any CPU.Build.0 = Release|Any CPU
	EndGlobalSection
	GlobalSection(SolutionProperties) = preSolution
		HideSolutionNode = FALSE
	EndGlobalSection
	GlobalSection(ExtensibilityGlobals) = postSolution
		SolutionGuid = {CF80121F-6E0D-42B7-BFC9-D8810DC609D8}
	EndGlobalSection
EndGlobal
